
Microsoft Visual Studio Solution File, Format Version 12.00
# Visual Studio Version 16
VisualStudioVersion = 16.0.31105.61
MinimumVisualStudioVersion = 10.0.40219.1
Project("{9A19103F-16F7-4668-BE54-9A1E7A4F7556}") = "DataAccess", "DataAccess\DataAccess.csproj", "{155D8E1D-5AD9-4F0C-9252-818F959B9DEF}"
EndProject
Project("{9A19103F-16F7-4668-BE54-9A1E7A4F7556}") = "Business", "Business\Business.csproj", "{DEC057D4-6650-406B-BBE2-3E7F7D8BEA84}"
EndProject
Project("{9A19103F-16F7-4668-BE54-9A1E7A4F7556}") = "Entities", "Entities\Entities.csproj", "{0343480A-14CD-4091-A9FE-857CB4462DFF}"
EndProject
Project("{9A19103F-16F7-4668-BE54-9A1E7A4F7556}") = "ConsoleUI", "ConsoleUI\ConsoleUI.csproj", "{3EA97279-E5E4-419A-B2AB-32332326A281}"
EndProject
Project("{FAE04EC0-301F-11D3-BF4B-00C04F79EFBC}") = "Core", "Core\Core.csproj", "{558C10E2-ADCA-4E1E-9EDF-76A50C4BB6C6}"
EndProject
Global
	GlobalSection(SolutionConfigurationPlatforms) = preSolution
		Debug|Any CPU = Debug|Any CPU
		Release|Any CPU = Release|Any CPU
	EndGlobalSection
	GlobalSection(ProjectConfigurationPlatforms) = postSolution
		{155D8E1D-5AD9-4F0C-9252-818F959B9DEF}.Debug|Any CPU.ActiveCfg = Debug|Any CPU
		{155D8E1D-5AD9-4F0C-9252-818F959B9DEF}.Debug|Any CPU.Build.0 = Debug|Any CPU
		{155D8E1D-5AD9-4F0C-9252-818F959B9DEF}.Release|Any CPU.ActiveCfg = Release|Any CPU
		{155D8E1D-5AD9-4F0C-9252-818F959B9DEF}.Release|Any CPU.Build.0 = Release|Any CPU
		{DEC057D4-6650-406B-BBE2-3E7F7D8BEA84}.Debug|Any CPU.ActiveCfg = Debug|Any CPU
		{DEC057D4-6650-406B-BBE2-3E7F7D8BEA84}.Debug|Any CPU.Build.0 = Debug|Any CPU
		{DEC057D4-6650-406B-BBE2-3E7F7D8BEA84}.Release|Any CPU.ActiveCfg = Release|Any CPU
		{DEC057D4-6650-406B-BBE2-3E7F7D8BEA84}.Release|Any CPU.Build.0 = Release|Any CPU
		{0343480A-14CD-4091-A9FE-857CB4462DFF}.Debug|Any CPU.ActiveCfg = Debug|Any CPU
		{0343480A-14CD-4091-A9FE-857CB4462DFF}.Debug|Any CPU.Build.0 = Debug|Any CPU
		{0343480A-14CD-4091-A9FE-857CB4462DFF}.Release|Any CPU.ActiveCfg = Release|Any CPU
		{0343480A-14CD-4091-A9FE-857CB4462DFF}.Release|Any CPU.Build.0 = Release|Any CPU
		{3EA97279-E5E4-419A-B2AB-32332326A281}.Debug|Any CPU.ActiveCfg = Debug|Any CPU
		{3EA97279-E5E4-419A-B2AB-32332326A281}.Debug|Any CPU.Build.0 = Debug|Any CPU
		{3EA97279-E5E4-419A-B2AB-32332326A281}.Release|Any CPU.ActiveCfg = Release|Any CPU
		{3EA97279-E5E4-419A-B2AB-32332326A281}.Release|Any CPU.Build.0 = Release|Any CPU
		{558C10E2-ADCA-4E1E-9EDF-76A50C4BB6C6}.Debug|Any CPU.ActiveCfg = Debug|Any CPU
		{558C10E2-ADCA-4E1E-9EDF-76A50C4BB6C6}.Debug|Any CPU.Build.0 = Debug|Any CPU
		{558C10E2-ADCA-4E1E-9EDF-76A50C4BB6C6}.Release|Any CPU.ActiveCfg = Release|Any CPU
		{558C10E2-ADCA-4E1E-9EDF-76A50C4BB6C6}.Release|Any CPU.Build.0 = Release|Any CPU
	EndGlobalSection
	GlobalSection(SolutionProperties) = preSolution
		HideSolutionNode = FALSE
	EndGlobalSection
	GlobalSection(ExtensibilityGlobals) = postSolution
		SolutionGuid = {DC1AE52E-CBF5-43EF-9A56-18893CC78EE9}
	EndGlobalSection
EndGlobal
